
Microsoft Visual Studio Solution File, Format Version 12.00
# Visual Studio Version 17
VisualStudioVersion = 17.11.35327.3
MinimumVisualStudioVersion = 10.0.40219.1
Project("{FAE04EC0-301F-11D3-BF4B-00C04F79EFBC}") = "Projeto2b", "Projeto2b\Projeto2b.csproj", "{ED55DA86-EA20-43C0-9EC0-262AF229E288}"
EndProject
Global
	GlobalSection(SolutionConfigurationPlatforms) = preSolution
		Debug|Any CPU = Debug|Any CPU
		Release|Any CPU = Release|Any CPU
	EndGlobalSection
	GlobalSection(ProjectConfigurationPlatforms) = postSolution
		{ED55DA86-EA20-43C0-9EC0-262AF229E288}.Debug|Any CPU.ActiveCfg = Debug|Any CPU
		{ED55DA86-EA20-43C0-9EC0-262AF229E288}.Debug|Any CPU.Build.0 = Debug|Any CPU
		{ED55DA86-EA20-43C0-9EC0-262AF229E288}.Release|Any CPU.ActiveCfg = Release|Any CPU
		{ED55DA86-EA20-43C0-9EC0-262AF229E288}.Release|Any CPU.Build.0 = Release|Any CPU
	EndGlobalSection
	GlobalSection(SolutionProperties) = preSolution
		HideSolutionNode = FALSE
	EndGlobalSection
	GlobalSection(ExtensibilityGlobals) = postSolution
		SolutionGuid = {E948CA0E-42C3-4086-9A41-2D7FC35EA873}
	EndGlobalSection
EndGlobal
